
Microsoft Visual Studio Solution File, Format Version 12.00
# Visual Studio 2013
Project("{FAE04EC0-301F-11D3-BF4B-00C04F79EFBC}") = "SplashScreen", "SplashScreen\SplashScreen.csproj", "{3dce1b57-ce1c-4517-9131-b37436775e0a}"
EndProject
Global
	GlobalSection(SolutionConfigurationPlatforms) = preSolution
		Debug|Any CPU = Debug|Any CPU
		Release|Any CPU = Release|Any CPU
	EndGlobalSection
	GlobalSection(ProjectConfigurationPlatforms) = postSolution
		{3DCE1B57-CE1C-4517-9131-B37436775E0A}.Debug|Any CPU.ActiveCfg = Debug|Any CPU
		{3DCE1B57-CE1C-4517-9131-B37436775E0A}.Debug|Any CPU.Build.0 = Debug|Any CPU
		{3DCE1B57-CE1C-4517-9131-B37436775E0A}.Release|Any CPU.ActiveCfg = Release|Any CPU
		{3DCE1B57-CE1C-4517-9131-B37436775E0A}.Release|Any CPU.Build.0 = Release|Any CPU
	EndGlobalSection
EndGlobal
